// !$*UTF8*$!
{
	archiveVersion = 1;
	classes = {
	};
	objectVersion = 77;
	objects = {

/* Begin PBXBuildFile section */
		00A2139F9B0792C0EE61C1F1 /* TaskAlertScheduler.swift in Sources */ = {isa = PBXBuildFile; fileRef = B5685F558140F0AD9C1B5082 /* TaskAlertScheduler.swift */; };
		0410E675C9F89B2977505160 /* WatchTasksView.swift in Sources */ = {isa = PBXBuildFile; fileRef = 0CADD225759473938F1C62DA /* WatchTasksView.swift */; };
		063C7042816E9CC752F98992 /* IncomeView.swift in Sources */ = {isa = PBXBuildFile; fileRef = DE206F479CD751D793501449 /* IncomeView.swift */; };
		0A54B14B087712E487BC5324 /* AppDelegate.swift in Sources */ = {isa = PBXBuildFile; fileRef = 93A8C891ED8B931275D311E9 /* AppDelegate.swift */; };
		0FA42EE1425054BF9C253D6B /* HealthRepository.swift in Sources */ = {isa = PBXBuildFile; fileRef = B679CD1F7C02B81E9E21257A /* HealthRepository.swift */; };
		13FF521C657868965DBACEF1 /* TaskRepository.swift in Sources */ = {isa = PBXBuildFile; fileRef = 9FC343A20B40D82C59F783A8 /* TaskRepository.swift */; };
		162186FCDDD8C1963AA7E44A /* WelcomeView.swift in Sources */ = {isa = PBXBuildFile; fileRef = 6C2E579C0605F09258AD6721 /* WelcomeView.swift */; };
		17844158F5A6D935114B4FA0 /* MainTabView.swift in Sources */ = {isa = PBXBuildFile; fileRef = 6A74CE017726AAE3CC62D378 /* MainTabView.swift */; };
		1A8CDA6C1DD88A9A988EFEA4 /* JobApplication.swift in Sources */ = {isa = PBXBuildFile; fileRef = 081316B189E1395A742756AA /* JobApplication.swift */; };
		1ADB01E7E39A0A8E62B6EB8B /* Notifications.swift in Sources */ = {isa = PBXBuildFile; fileRef = 317E3DF49749D997F7826E5C /* Notifications.swift */; };
		21919C73BBEBC1250CC310F5 /* WatchTaskSync.swift in Sources */ = {isa = PBXBuildFile; fileRef = F58CBFE7A6F1F21E7C63EF05 /* WatchTaskSync.swift */; };
		22001DAB50ECE76A7B798C64 /* AppConfig.swift in Sources */ = {isa = PBXBuildFile; fileRef = 5125E34437F5EB2C491A65EF /* AppConfig.swift */; };
		232BDA959969FEE792201E7C /* HealthView.swift in Sources */ = {isa = PBXBuildFile; fileRef = ECD9B66ADF909794E6305D8B /* HealthView.swift */; };
		307FC4B49BAB0D4AA52137C3 /* AppTheme.swift in Sources */ = {isa = PBXBuildFile; fileRef = 605877B44D14E24E1BDD97C1 /* AppTheme.swift */; };
		31723BEEC480AE0C86AF9BB2 /* AssistantContextBuilder.swift in Sources */ = {isa = PBXBuildFile; fileRef = C309F9B18CE35E92B9A1A293 /* AssistantContextBuilder.swift */; };
		32349C8B32DF9AA64ABA0E33 /* AutomationService.swift in Sources */ = {isa = PBXBuildFile; fileRef = 511D058F3F7ABBF06BBD47B9 /* AutomationService.swift */; };
		34FDE89DCDCDC8C4135ED0E1 /* OrbitWatchApp.swift in Sources */ = {isa = PBXBuildFile; fileRef = 4661D1CA98F29632B387DF10 /* OrbitWatchApp.swift */; };
		3DE00414E07A72E364DE8E3B /* MicrosoftAuthService.swift in Sources */ = {isa = PBXBuildFile; fileRef = 3DA2545E3854B16EC3DEA8FB /* MicrosoftAuthService.swift */; };
		4378C05AB70D2274DEC6090C /* AIService.swift in Sources */ = {isa = PBXBuildFile; fileRef = CBF66E3107D8E4735BEC5AA0 /* AIService.swift */; };
		459BA54C06C8F106D606E512 /* Assets.xcassets in Resources */ = {isa = PBXBuildFile; fileRef = D4B77A2C8AE025E53D493F29 /* Assets.xcassets */; };
		45B6B735C372EEE93AE97A5A /* RealtimeClientSecretProvider.swift in Sources */ = {isa = PBXBuildFile; fileRef = A003E5C361168415CDA11A84 /* RealtimeClientSecretProvider.swift */; };
		4A7D1B4C49FD4FCB8547762C /* LiveVoiceView.swift in Sources */ = {isa = PBXBuildFile; fileRef = 9D7988ACD3D141AA80C2C7C1 /* LiveVoiceView.swift */; };
		45D2C0B582A1A3CC42419458 /* AuthenticationManager.swift in Sources */ = {isa = PBXBuildFile; fileRef = 98A12AB7C7A21F5673C47A9B /* AuthenticationManager.swift */; };
		45FEE3D71293E4ABF6D63D6D /* TasksView.swift in Sources */ = {isa = PBXBuildFile; fileRef = EF1131EEA886B356B138F53D /* TasksView.swift */; };
		4AC8F04E4D9D5F86E1ADD8E0 /* WatchVoiceSync.swift in Sources */ = {isa = PBXBuildFile; fileRef = E10EAC59F401CF1E337C7449 /* WatchVoiceSync.swift */; };
		4B5BEB5715481FCC0F864E7D /* OutlookServices.swift in Sources */ = {isa = PBXBuildFile; fileRef = C7CD04CCC9045715A19525DE /* OutlookServices.swift */; };
		5105CD8ABC0A3BCB67D7C936 /* WatchVoiceSync.swift in Sources */ = {isa = PBXBuildFile; fileRef = E10EAC59F401CF1E337C7449 /* WatchVoiceSync.swift */; };
		5ADE4127244D6FF9B999D033 /* StateViews.swift in Sources */ = {isa = PBXBuildFile; fileRef = 37A70448638A7FBACEECB025 /* StateViews.swift */; };
		5CA37B7B5C23682B2E122933 /* DomainModels.swift in Sources */ = {isa = PBXBuildFile; fileRef = E490EDBDD456EADE5AD97457 /* DomainModels.swift */; };
		673A62ADC76C0058BB8445B1 /* OpenAIClient.swift in Sources */ = {isa = PBXBuildFile; fileRef = 5A354BD82F5115F67AB42C83 /* OpenAIClient.swift */; };
		6D0CBEE77618FA198A5B92AA /* CompleteTaskIntent.swift in Sources */ = {isa = PBXBuildFile; fileRef = 02C24B60AE2C3A8BC1A78717 /* CompleteTaskIntent.swift */; };
		6E577B0A8F0AB5B444343448 /* IncomeCalculatorView.swift in Sources */ = {isa = PBXBuildFile; fileRef = 9E1773AC47E7872B50A91F32 /* IncomeCalculatorView.swift */; };
		704D0A9D21814FB283C0FD48 /* IncomeModelsTests.swift in Sources */ = {isa = PBXBuildFile; fileRef = 101BA336A7E6F9D9F6BBBF4A /* IncomeModelsTests.swift */; };
		70C820C1D7F681B6AF34C7FD /* EmailIntelligence.swift in Sources */ = {isa = PBXBuildFile; fileRef = BA5AD11062490916EAE95A73 /* EmailIntelligence.swift */; };
		74C1BFA1E863108F507270A2 /* GoogleSignIn in Frameworks */ = {isa = PBXBuildFile; productRef = FF5F11301C970028D747DA36 /* GoogleSignIn */; };
		79E1184541C0E5A652207C9F /* UnifiedEmailModels.swift in Sources */ = {isa = PBXBuildFile; fileRef = 0B705B72FF8F79E5F808FDD8 /* UnifiedEmailModels.swift */; };
		7E2A5D5BF8A4A9C5A6E65F87 /* OpenAIRealtimeSession.swift in Sources */ = {isa = PBXBuildFile; fileRef = 2460F60F2E9BFB4E156617D5 /* OpenAIRealtimeSession.swift */; };
		7F6C05253DBC1EA1A0A4BEEC /* OpenAIRealtimeSession.swift in Sources */ = {isa = PBXBuildFile; fileRef = 2460F60F2E9BFB4E156617D5 /* OpenAIRealtimeSession.swift */; };
		81CAADB84CA34EB7F028B7E9 /* JobsView.swift in Sources */ = {isa = PBXBuildFile; fileRef = 3FF92461C5FFFF7F3BB23880 /* JobsView.swift */; };
		823931BA3DF810460B341687 /* JobRepository.swift in Sources */ = {isa = PBXBuildFile; fileRef = 825A4BFF8F6353578479064F /* JobRepository.swift */; };
		8512DF0E7CB12FDE8A850D5C /* LoadState.swift in Sources */ = {isa = PBXBuildFile; fileRef = 2E9ED31B39A5F92FB5338746 /* LoadState.swift */; };
		856A9771534F82087D626F20 /* VoiceFeatureTests.swift in Sources */ = {isa = PBXBuildFile; fileRef = 0B3C3E41EBC0220B2D1900CB /* VoiceFeatureTests.swift */; };
		86429CAB680D9B19445B6A29 /* HealthKitProvider.swift in Sources */ = {isa = PBXBuildFile; fileRef = 84D8FFC5D82468565873A0F6 /* HealthKitProvider.swift */; };
		86DB444124A80BA9FED908F1 /* KeychainStore.swift in Sources */ = {isa = PBXBuildFile; fileRef = 375DED7A12243003D97DAB36 /* KeychainStore.swift */; };
		893FBC79D25BCEAFFE1A8087 /* OrbitAppIntents.swift in Sources */ = {isa = PBXBuildFile; fileRef = 2EDA11F9DA1A71F52E0580C6 /* OrbitAppIntents.swift */; };
		8F0EB0E1CF36486BB52C3A1F /* OpenAIRealtimeSession.swift in Sources */ = {isa = PBXBuildFile; fileRef = 2460F60F2E9BFB4E156617D5 /* OpenAIRealtimeSession.swift */; };
		8F6DAA54D60397D1C70E2BB0 /* UserSession.swift in Sources */ = {isa = PBXBuildFile; fileRef = 223B53969C9C40906A768130 /* UserSession.swift */; };
		907DFDB789588829900C9E7C /* AppleCalendarService.swift in Sources */ = {isa = PBXBuildFile; fileRef = 59328EE64563B306F65DDF2A /* AppleCalendarService.swift */; };
		993052AC797DE224B7C8FC2A /* WatchTaskSyncService.swift in Sources */ = {isa = PBXBuildFile; fileRef = 24E33A918CDC8CCA401615F6 /* WatchTaskSyncService.swift */; };
		9B360E90DF674629B86168DC /* OrbitTasksWidget.appex in Embed Foundation Extensions */ = {isa = PBXBuildFile; fileRef = 482585DDB0350316F77C0D40 /* OrbitTasksWidget.appex */; settings = {ATTRIBUTES = (RemoveHeadersOnCopy, ); }; };
		9C1C1ED1F0E0497AF3DC38A2 /* GmailRepository.swift in Sources */ = {isa = PBXBuildFile; fileRef = E8F9A7C96773C4227E89DC95 /* GmailRepository.swift */; };
		9CFA273CAF5A90E0A546C750 /* ReminderRepository.swift in Sources */ = {isa = PBXBuildFile; fileRef = 83E30B2A73AB2B5F21B4C0EA /* ReminderRepository.swift */; };
		9EC66345D2A021B0E1AB5A21 /* FinanceRepository.swift in Sources */ = {isa = PBXBuildFile; fileRef = 69FA4354348C106022F9BFBF /* FinanceRepository.swift */; };
		A006E36266F2442D3F47B09E /* VoiceAssistantAudio.swift in Sources */ = {isa = PBXBuildFile; fileRef = 09D2203241477E45D5C4A7F8 /* VoiceAssistantAudio.swift */; };
		A0404158FAA5A83B1C90B809 /* PreviewSupport.swift in Sources */ = {isa = PBXBuildFile; fileRef = 1CD217C7F45C37350D0D0993 /* PreviewSupport.swift */; };
		A414066314D959E665988E0B /* OrbitTasksWidget.swift in Sources */ = {isa = PBXBuildFile; fileRef = 3CE1F9303FEFE5B2C4C02E12 /* OrbitTasksWidget.swift */; };
		A4DE2F91A18B9AB754DD6EE1 /* IncomeModels.swift in Sources */ = {isa = PBXBuildFile; fileRef = C70364CB80048866885CF626 /* IncomeModels.swift */; };
		A6A027D89FD93E6AAD9540D1 /* RootView.swift in Sources */ = {isa = PBXBuildFile; fileRef = E522CD746A20A5BC8A8578A1 /* RootView.swift */; };
		A6C046F9269DF33CD8E0381E /* CompleteTaskIntent.swift in Sources */ = {isa = PBXBuildFile; fileRef = 02C24B60AE2C3A8BC1A78717 /* CompleteTaskIntent.swift */; };
		AC72FA5438AEA079D98E26A1 /* GoogleAuthService.swift in Sources */ = {isa = PBXBuildFile; fileRef = D28D2C02977AF00022EBA472 /* GoogleAuthService.swift */; };
		B0DA9F5F32DDCD3B22A2D4EE /* CompleteReminderIntent.swift in Sources */ = {isa = PBXBuildFile; fileRef = DEEDF6040B85A296E4B02999 /* CompleteReminderIntent.swift */; };
		B3FE91EB43011F63B968691C /* WatchTaskStore.swift in Sources */ = {isa = PBXBuildFile; fileRef = 07E6B2E1062D708BF521B592 /* WatchTaskStore.swift */; };
		B434BBA30DBE90A56FE45ADF /* GmailAPIClient.swift in Sources */ = {isa = PBXBuildFile; fileRef = 2F1A036D5B707AE674B293FD /* GmailAPIClient.swift */; };
		B4542E688A2725CC0CD9C836 /* WatchVoiceSync.swift in Sources */ = {isa = PBXBuildFile; fileRef = E10EAC59F401CF1E337C7449 /* WatchVoiceSync.swift */; };
		B54A14AA9FA6700F5FD0F643 /* TaskShared.swift in Sources */ = {isa = PBXBuildFile; fileRef = B2DE41BF9A76EFDD5DFF87DE /* TaskShared.swift */; };
		BB02357680991FDA0A0A04D6 /* SettingsView.swift in Sources */ = {isa = PBXBuildFile; fileRef = E828B0E48D19E2D0EB7637AD /* SettingsView.swift */; };
		BBB2E51451BE60D68A526F5E /* APIClient.swift in Sources */ = {isa = PBXBuildFile; fileRef = 8E7D5E6100301DF890FDDC22 /* APIClient.swift */; };
		BBC8E26BD67B890A9A9B7DD8 /* AutomationsView.swift in Sources */ = {isa = PBXBuildFile; fileRef = 8A789E8AAFF646539E42F8A2 /* AutomationsView.swift */; };
		BECC2A29A8F8645D2E5F5EAF /* TaskShared.swift in Sources */ = {isa = PBXBuildFile; fileRef = B2DE41BF9A76EFDD5DFF87DE /* TaskShared.swift */; };
		C41A5D3E249109C0BD89B6E1 /* Assets.xcassets in Resources */ = {isa = PBXBuildFile; fileRef = D4B77A2C8AE025E53D493F29 /* Assets.xcassets */; };
		C8B2455D1A8245087E676F55 /* FinanceModels.swift in Sources */ = {isa = PBXBuildFile; fileRef = B6D3BD814E6282106B4501F3 /* FinanceModels.swift */; };
		CC83A21919DB9E7E9CACEC09 /* HomeView.swift in Sources */ = {isa = PBXBuildFile; fileRef = B2C92CD2B8640D66E3CBCC82 /* HomeView.swift */; };
		CE1444C6FA85710E61AA0A45 /* MockData.swift in Sources */ = {isa = PBXBuildFile; fileRef = AA64D209496530B835D58DE0 /* MockData.swift */; };
		CEFDD22DD4CE2E3154D9724F /* SetupServicesView.swift in Sources */ = {isa = PBXBuildFile; fileRef = 1F5A74836316A15C71893550 /* SetupServicesView.swift */; };
		CF134F2E07B87AA233FAFE67 /* JobRadarApp.swift in Sources */ = {isa = PBXBuildFile; fileRef = CCB723C09D31590A2318455B /* JobRadarApp.swift */; };
		D32EDF33A14FEE55C2FC7401 /* OrbitWatchApp.app in Embed Watch Content */ = {isa = PBXBuildFile; fileRef = F882F5036BC1EEEBDF12AB42 /* OrbitWatchApp.app */; settings = {ATTRIBUTES = (RemoveHeadersOnCopy, ); }; };
		D7AA3F39C0EAB56A9252F605 /* FinanceView.swift in Sources */ = {isa = PBXBuildFile; fileRef = 8A2E91F3E01F71EB2333A6DE /* FinanceView.swift */; };
		DA0B396384F875DED5362BD4 /* WatchTaskSync.swift in Sources */ = {isa = PBXBuildFile; fileRef = F58CBFE7A6F1F21E7C63EF05 /* WatchTaskSync.swift */; };
		DACD360471F39A1B1D38E4FB /* AssistantView.swift in Sources */ = {isa = PBXBuildFile; fileRef = ECFAC6C4A0CFBF7AAF27CD01 /* AssistantView.swift */; };
		DC424EBE331CACFB7A779EBE /* MSAL in Frameworks */ = {isa = PBXBuildFile; productRef = 4BA8291384B92F40E6F5B8EA /* MSAL */; };
		E458521BE54941826781C4EC /* CalendarRepository.swift in Sources */ = {isa = PBXBuildFile; fileRef = DA0DE43A2334E6C3B537B310 /* CalendarRepository.swift */; };
		E53B4979A689F0CC687AEEAD /* AppState.swift in Sources */ = {isa = PBXBuildFile; fileRef = D067962D79BA18E4CC713CAB /* AppState.swift */; };
		EF38863BEED5B56BBB2ACE6E /* CompleteReminderIntent.swift in Sources */ = {isa = PBXBuildFile; fileRef = DEEDF6040B85A296E4B02999 /* CompleteReminderIntent.swift */; };
		F2D273D0E80250C0CD055A79 /* GoogleCalendarAPIClient.swift in Sources */ = {isa = PBXBuildFile; fileRef = 8E4120879E57055EA65484B9 /* GoogleCalendarAPIClient.swift */; };
		F4817B665273A489299E4C6D /* InboxView.swift in Sources */ = {isa = PBXBuildFile; fileRef = C4174A98006638BAEFA70EDC /* InboxView.swift */; };
		FABE4A082F1034A3C64583E4 /* WatchTaskSync.swift in Sources */ = {isa = PBXBuildFile; fileRef = F58CBFE7A6F1F21E7C63EF05 /* WatchTaskSync.swift */; };
/* End PBXBuildFile section */

/* Begin PBXContainerItemProxy section */
		06657B2A9F6DEE5051D0BEDD /* PBXContainerItemProxy */ = {
			isa = PBXContainerItemProxy;
			containerPortal = 7FA7DD4823E985C9F95A1F0C /* Project object */;
			proxyType = 1;
			remoteGlobalIDString = DE4156179A24898D4581C93D;
			remoteInfo = OrbitTasksWidget;
		};
		0D28AA332C48ED8ECD647CC9 /* PBXContainerItemProxy */ = {
			isa = PBXContainerItemProxy;
			containerPortal = 7FA7DD4823E985C9F95A1F0C /* Project object */;
			proxyType = 1;
			remoteGlobalIDString = 9005D2F93B3B99CC91A0E2B1;
			remoteInfo = JobRadar;
		};
		19EA529534338418BD130EC8 /* PBXContainerItemProxy */ = {
			isa = PBXContainerItemProxy;
			containerPortal = 7FA7DD4823E985C9F95A1F0C /* Project object */;
			proxyType = 1;
			remoteGlobalIDString = 62DF076E9D8E8CD291E700E9;
			remoteInfo = OrbitWatchApp;
		};
/* End PBXContainerItemProxy section */

/* Begin PBXCopyFilesBuildPhase section */
		51E9D49EA8F160A96BCD3266 /* Embed Watch Content */ = {
			isa = PBXCopyFilesBuildPhase;
			buildActionMask = 2147483647;
			dstPath = "$(CONTENTS_FOLDER_PATH)/Watch";
			dstSubfolderSpec = 16;
			files = (
				D32EDF33A14FEE55C2FC7401 /* OrbitWatchApp.app in Embed Watch Content */,
			);
			name = "Embed Watch Content";
			runOnlyForDeploymentPostprocessing = 0;
		};
		77AF1597FC6CEC807C13C2B7 /* Embed Foundation Extensions */ = {
			isa = PBXCopyFilesBuildPhase;
			buildActionMask = 2147483647;
			dstPath = "";
			dstSubfolderSpec = 13;
			files = (
				9B360E90DF674629B86168DC /* OrbitTasksWidget.appex in Embed Foundation Extensions */,
			);
			name = "Embed Foundation Extensions";
			runOnlyForDeploymentPostprocessing = 0;
		};
/* End PBXCopyFilesBuildPhase section */

/* Begin PBXFileReference section */
		02C24B60AE2C3A8BC1A78717 /* CompleteTaskIntent.swift */ = {isa = PBXFileReference; lastKnownFileType = sourcecode.swift; path = CompleteTaskIntent.swift; sourceTree = "<group>"; };
		07E6B2E1062D708BF521B592 /* WatchTaskStore.swift */ = {isa = PBXFileReference; lastKnownFileType = sourcecode.swift; path = WatchTaskStore.swift; sourceTree = "<group>"; };
		081316B189E1395A742756AA /* JobApplication.swift */ = {isa = PBXFileReference; lastKnownFileType = sourcecode.swift; path = JobApplication.swift; sourceTree = "<group>"; };
		09D2203241477E45D5C4A7F8 /* VoiceAssistantAudio.swift */ = {isa = PBXFileReference; lastKnownFileType = sourcecode.swift; path = VoiceAssistantAudio.swift; sourceTree = "<group>"; };
		0B3C3E41EBC0220B2D1900CB /* VoiceFeatureTests.swift */ = {isa = PBXFileReference; lastKnownFileType = sourcecode.swift; path = VoiceFeatureTests.swift; sourceTree = "<group>"; };
		0B705B72FF8F79E5F808FDD8 /* UnifiedEmailModels.swift */ = {isa = PBXFileReference; lastKnownFileType = sourcecode.swift; path = UnifiedEmailModels.swift; sourceTree = "<group>"; };
		0CADD225759473938F1C62DA /* WatchTasksView.swift */ = {isa = PBXFileReference; lastKnownFileType = sourcecode.swift; path = WatchTasksView.swift; sourceTree = "<group>"; };
		101BA336A7E6F9D9F6BBBF4A /* IncomeModelsTests.swift */ = {isa = PBXFileReference; lastKnownFileType = sourcecode.swift; path = IncomeModelsTests.swift; sourceTree = "<group>"; };
		12FE95822077E986CB0DB230 /* Info.plist */ = {isa = PBXFileReference; lastKnownFileType = text.plist; path = Info.plist; sourceTree = "<group>"; };
		1CD217C7F45C37350D0D0993 /* PreviewSupport.swift */ = {isa = PBXFileReference; lastKnownFileType = sourcecode.swift; path = PreviewSupport.swift; sourceTree = "<group>"; };
		1F5A74836316A15C71893550 /* SetupServicesView.swift */ = {isa = PBXFileReference; lastKnownFileType = sourcecode.swift; path = SetupServicesView.swift; sourceTree = "<group>"; };
		223B53969C9C40906A768130 /* UserSession.swift */ = {isa = PBXFileReference; lastKnownFileType = sourcecode.swift; path = UserSession.swift; sourceTree = "<group>"; };
		2460F60F2E9BFB4E156617D5 /* OpenAIRealtimeSession.swift */ = {isa = PBXFileReference; lastKnownFileType = sourcecode.swift; path = OpenAIRealtimeSession.swift; sourceTree = "<group>"; };
		24E33A918CDC8CCA401615F6 /* WatchTaskSyncService.swift */ = {isa = PBXFileReference; lastKnownFileType = sourcecode.swift; path = WatchTaskSyncService.swift; sourceTree = "<group>"; };
		2E9ED31B39A5F92FB5338746 /* LoadState.swift */ = {isa = PBXFileReference; lastKnownFileType = sourcecode.swift; path = LoadState.swift; sourceTree = "<group>"; };
		2EDA11F9DA1A71F52E0580C6 /* OrbitAppIntents.swift */ = {isa = PBXFileReference; lastKnownFileType = sourcecode.swift; path = OrbitAppIntents.swift; sourceTree = "<group>"; };
		2F1A036D5B707AE674B293FD /* GmailAPIClient.swift */ = {isa = PBXFileReference; lastKnownFileType = sourcecode.swift; path = GmailAPIClient.swift; sourceTree = "<group>"; };
		317E3DF49749D997F7826E5C /* Notifications.swift */ = {isa = PBXFileReference; lastKnownFileType = sourcecode.swift; path = Notifications.swift; sourceTree = "<group>"; };
		375DED7A12243003D97DAB36 /* KeychainStore.swift */ = {isa = PBXFileReference; lastKnownFileType = sourcecode.swift; path = KeychainStore.swift; sourceTree = "<group>"; };
		37A70448638A7FBACEECB025 /* StateViews.swift */ = {isa = PBXFileReference; lastKnownFileType = sourcecode.swift; path = StateViews.swift; sourceTree = "<group>"; };
		3CE1F9303FEFE5B2C4C02E12 /* OrbitTasksWidget.swift */ = {isa = PBXFileReference; lastKnownFileType = sourcecode.swift; path = OrbitTasksWidget.swift; sourceTree = "<group>"; };
		3DA2545E3854B16EC3DEA8FB /* MicrosoftAuthService.swift */ = {isa = PBXFileReference; lastKnownFileType = sourcecode.swift; path = MicrosoftAuthService.swift; sourceTree = "<group>"; };
		3FF92461C5FFFF7F3BB23880 /* JobsView.swift */ = {isa = PBXFileReference; lastKnownFileType = sourcecode.swift; path = JobsView.swift; sourceTree = "<group>"; };
		4661D1CA98F29632B387DF10 /* OrbitWatchApp.swift */ = {isa = PBXFileReference; lastKnownFileType = sourcecode.swift; path = OrbitWatchApp.swift; sourceTree = "<group>"; };
		482585DDB0350316F77C0D40 /* OrbitTasksWidget.appex */ = {isa = PBXFileReference; includeInIndex = 0; lastKnownFileType = "wrapper.app-extension"; path = OrbitTasksWidget.appex; sourceTree = BUILT_PRODUCTS_DIR; };
		4EE857CFC8FF53BB99E83840 /* OrbitTasksWidget.entitlements */ = {isa = PBXFileReference; lastKnownFileType = text.plist.entitlements; path = OrbitTasksWidget.entitlements; sourceTree = "<group>"; };
		511D058F3F7ABBF06BBD47B9 /* AutomationService.swift */ = {isa = PBXFileReference; lastKnownFileType = sourcecode.swift; path = AutomationService.swift; sourceTree = "<group>"; };
		5125E34437F5EB2C491A65EF /* AppConfig.swift */ = {isa = PBXFileReference; lastKnownFileType = sourcecode.swift; path = AppConfig.swift; sourceTree = "<group>"; };
		52B66373588EF0E000EB8E4F /* Info.plist */ = {isa = PBXFileReference; lastKnownFileType = text.plist; path = Info.plist; sourceTree = "<group>"; };
		59328EE64563B306F65DDF2A /* AppleCalendarService.swift */ = {isa = PBXFileReference; lastKnownFileType = sourcecode.swift; path = AppleCalendarService.swift; sourceTree = "<group>"; };
		5A354BD82F5115F67AB42C83 /* OpenAIClient.swift */ = {isa = PBXFileReference; lastKnownFileType = sourcecode.swift; path = OpenAIClient.swift; sourceTree = "<group>"; };
		605877B44D14E24E1BDD97C1 /* AppTheme.swift */ = {isa = PBXFileReference; lastKnownFileType = sourcecode.swift; path = AppTheme.swift; sourceTree = "<group>"; };
		69FA4354348C106022F9BFBF /* FinanceRepository.swift */ = {isa = PBXFileReference; lastKnownFileType = sourcecode.swift; path = FinanceRepository.swift; sourceTree = "<group>"; };
		6A74CE017726AAE3CC62D378 /* MainTabView.swift */ = {isa = PBXFileReference; lastKnownFileType = sourcecode.swift; path = MainTabView.swift; sourceTree = "<group>"; };
		6C2E579C0605F09258AD6721 /* WelcomeView.swift */ = {isa = PBXFileReference; lastKnownFileType = sourcecode.swift; path = WelcomeView.swift; sourceTree = "<group>"; };
		825A4BFF8F6353578479064F /* JobRepository.swift */ = {isa = PBXFileReference; lastKnownFileType = sourcecode.swift; path = JobRepository.swift; sourceTree = "<group>"; };
		83E30B2A73AB2B5F21B4C0EA /* ReminderRepository.swift */ = {isa = PBXFileReference; lastKnownFileType = sourcecode.swift; path = ReminderRepository.swift; sourceTree = "<group>"; };
		84D8FFC5D82468565873A0F6 /* HealthKitProvider.swift */ = {isa = PBXFileReference; lastKnownFileType = sourcecode.swift; path = HealthKitProvider.swift; sourceTree = "<group>"; };
		8A2E91F3E01F71EB2333A6DE /* FinanceView.swift */ = {isa = PBXFileReference; lastKnownFileType = sourcecode.swift; path = FinanceView.swift; sourceTree = "<group>"; };
		8A789E8AAFF646539E42F8A2 /* AutomationsView.swift */ = {isa = PBXFileReference; lastKnownFileType = sourcecode.swift; path = AutomationsView.swift; sourceTree = "<group>"; };
		8E4120879E57055EA65484B9 /* GoogleCalendarAPIClient.swift */ = {isa = PBXFileReference; lastKnownFileType = sourcecode.swift; path = GoogleCalendarAPIClient.swift; sourceTree = "<group>"; };
		8E7D5E6100301DF890FDDC22 /* APIClient.swift */ = {isa = PBXFileReference; lastKnownFileType = sourcecode.swift; path = APIClient.swift; sourceTree = "<group>"; };
		93A8C891ED8B931275D311E9 /* AppDelegate.swift */ = {isa = PBXFileReference; lastKnownFileType = sourcecode.swift; path = AppDelegate.swift; sourceTree = "<group>"; };
		98A12AB7C7A21F5673C47A9B /* AuthenticationManager.swift */ = {isa = PBXFileReference; lastKnownFileType = sourcecode.swift; path = AuthenticationManager.swift; sourceTree = "<group>"; };
		9D7988ACD3D141AA80C2C7C1 /* LiveVoiceView.swift */ = {isa = PBXFileReference; lastKnownFileType = sourcecode.swift; path = LiveVoiceView.swift; sourceTree = "<group>"; };
		9D61703E02BC806EF8E7ABB2 /* Info.plist */ = {isa = PBXFileReference; lastKnownFileType = text.plist; path = Info.plist; sourceTree = "<group>"; };
		9E1773AC47E7872B50A91F32 /* IncomeCalculatorView.swift */ = {isa = PBXFileReference; lastKnownFileType = sourcecode.swift; path = IncomeCalculatorView.swift; sourceTree = "<group>"; };
		9FC343A20B40D82C59F783A8 /* TaskRepository.swift */ = {isa = PBXFileReference; lastKnownFileType = sourcecode.swift; path = TaskRepository.swift; sourceTree = "<group>"; };
		A003E5C361168415CDA11A84 /* RealtimeClientSecretProvider.swift */ = {isa = PBXFileReference; lastKnownFileType = sourcecode.swift; path = RealtimeClientSecretProvider.swift; sourceTree = "<group>"; };
		A149CC4FEE24F218065193DC /* JobRadarTests.xctest */ = {isa = PBXFileReference; includeInIndex = 0; lastKnownFileType = wrapper.cfbundle; path = JobRadarTests.xctest; sourceTree = BUILT_PRODUCTS_DIR; };
		AA64D209496530B835D58DE0 /* MockData.swift */ = {isa = PBXFileReference; lastKnownFileType = sourcecode.swift; path = MockData.swift; sourceTree = "<group>"; };
		ACDE3B61367785DDDEF1C81A /* JobRadar.entitlements */ = {isa = PBXFileReference; lastKnownFileType = text.plist.entitlements; path = JobRadar.entitlements; sourceTree = "<group>"; };
		B2C92CD2B8640D66E3CBCC82 /* HomeView.swift */ = {isa = PBXFileReference; lastKnownFileType = sourcecode.swift; path = HomeView.swift; sourceTree = "<group>"; };
		B2DE41BF9A76EFDD5DFF87DE /* TaskShared.swift */ = {isa = PBXFileReference; lastKnownFileType = sourcecode.swift; path = TaskShared.swift; sourceTree = "<group>"; };
		B5685F558140F0AD9C1B5082 /* TaskAlertScheduler.swift */ = {isa = PBXFileReference; lastKnownFileType = sourcecode.swift; path = TaskAlertScheduler.swift; sourceTree = "<group>"; };
		B679CD1F7C02B81E9E21257A /* HealthRepository.swift */ = {isa = PBXFileReference; lastKnownFileType = sourcecode.swift; path = HealthRepository.swift; sourceTree = "<group>"; };
		B6D3BD814E6282106B4501F3 /* FinanceModels.swift */ = {isa = PBXFileReference; lastKnownFileType = sourcecode.swift; path = FinanceModels.swift; sourceTree = "<group>"; };
		BA5AD11062490916EAE95A73 /* EmailIntelligence.swift */ = {isa = PBXFileReference; lastKnownFileType = sourcecode.swift; path = EmailIntelligence.swift; sourceTree = "<group>"; };
		C309F9B18CE35E92B9A1A293 /* AssistantContextBuilder.swift */ = {isa = PBXFileReference; lastKnownFileType = sourcecode.swift; path = AssistantContextBuilder.swift; sourceTree = "<group>"; };
		C4174A98006638BAEFA70EDC /* InboxView.swift */ = {isa = PBXFileReference; lastKnownFileType = sourcecode.swift; path = InboxView.swift; sourceTree = "<group>"; };
		C70364CB80048866885CF626 /* IncomeModels.swift */ = {isa = PBXFileReference; lastKnownFileType = sourcecode.swift; path = IncomeModels.swift; sourceTree = "<group>"; };
		C7CD04CCC9045715A19525DE /* OutlookServices.swift */ = {isa = PBXFileReference; lastKnownFileType = sourcecode.swift; path = OutlookServices.swift; sourceTree = "<group>"; };
		CBF66E3107D8E4735BEC5AA0 /* AIService.swift */ = {isa = PBXFileReference; lastKnownFileType = sourcecode.swift; path = AIService.swift; sourceTree = "<group>"; };
		CCB723C09D31590A2318455B /* JobRadarApp.swift */ = {isa = PBXFileReference; lastKnownFileType = sourcecode.swift; path = JobRadarApp.swift; sourceTree = "<group>"; };
		D067962D79BA18E4CC713CAB /* AppState.swift */ = {isa = PBXFileReference; lastKnownFileType = sourcecode.swift; path = AppState.swift; sourceTree = "<group>"; };
		D28D2C02977AF00022EBA472 /* GoogleAuthService.swift */ = {isa = PBXFileReference; lastKnownFileType = sourcecode.swift; path = GoogleAuthService.swift; sourceTree = "<group>"; };
		D4B77A2C8AE025E53D493F29 /* Assets.xcassets */ = {isa = PBXFileReference; lastKnownFileType = folder.assetcatalog; path = Assets.xcassets; sourceTree = "<group>"; };
		DA0DE43A2334E6C3B537B310 /* CalendarRepository.swift */ = {isa = PBXFileReference; lastKnownFileType = sourcecode.swift; path = CalendarRepository.swift; sourceTree = "<group>"; };
		DE206F479CD751D793501449 /* IncomeView.swift */ = {isa = PBXFileReference; lastKnownFileType = sourcecode.swift; path = IncomeView.swift; sourceTree = "<group>"; };
		DEEDF6040B85A296E4B02999 /* CompleteReminderIntent.swift */ = {isa = PBXFileReference; lastKnownFileType = sourcecode.swift; path = CompleteReminderIntent.swift; sourceTree = "<group>"; };
		E10EAC59F401CF1E337C7449 /* WatchVoiceSync.swift */ = {isa = PBXFileReference; lastKnownFileType = sourcecode.swift; path = WatchVoiceSync.swift; sourceTree = "<group>"; };
		E490EDBDD456EADE5AD97457 /* DomainModels.swift */ = {isa = PBXFileReference; lastKnownFileType = sourcecode.swift; path = DomainModels.swift; sourceTree = "<group>"; };
		E522CD746A20A5BC8A8578A1 /* RootView.swift */ = {isa = PBXFileReference; lastKnownFileType = sourcecode.swift; path = RootView.swift; sourceTree = "<group>"; };
		E5C1C4C959CBEDB3454D8549 /* JobRadar.app */ = {isa = PBXFileReference; includeInIndex = 0; lastKnownFileType = wrapper.application; path = JobRadar.app; sourceTree = BUILT_PRODUCTS_DIR; };
		E828B0E48D19E2D0EB7637AD /* SettingsView.swift */ = {isa = PBXFileReference; lastKnownFileType = sourcecode.swift; path = SettingsView.swift; sourceTree = "<group>"; };
		E8F9A7C96773C4227E89DC95 /* GmailRepository.swift */ = {isa = PBXFileReference; lastKnownFileType = sourcecode.swift; path = GmailRepository.swift; sourceTree = "<group>"; };
		ECD9B66ADF909794E6305D8B /* HealthView.swift */ = {isa = PBXFileReference; lastKnownFileType = sourcecode.swift; path = HealthView.swift; sourceTree = "<group>"; };
		ECFAC6C4A0CFBF7AAF27CD01 /* AssistantView.swift */ = {isa = PBXFileReference; lastKnownFileType = sourcecode.swift; path = AssistantView.swift; sourceTree = "<group>"; };
		EF1131EEA886B356B138F53D /* TasksView.swift */ = {isa = PBXFileReference; lastKnownFileType = sourcecode.swift; path = TasksView.swift; sourceTree = "<group>"; };
		F58CBFE7A6F1F21E7C63EF05 /* WatchTaskSync.swift */ = {isa = PBXFileReference; lastKnownFileType = sourcecode.swift; path = WatchTaskSync.swift; sourceTree = "<group>"; };
		F882F5036BC1EEEBDF12AB42 /* OrbitWatchApp.app */ = {isa = PBXFileReference; explicitFileType = wrapper.application; includeInIndex = 0; path = OrbitWatchApp.app; sourceTree = BUILT_PRODUCTS_DIR; };
/* End PBXFileReference section */

/* Begin PBXFrameworksBuildPhase section */
		F2F7270A6AF1CBF0B65721E1 /* Frameworks */ = {
			isa = PBXFrameworksBuildPhase;
			buildActionMask = 2147483647;
			files = (
				74C1BFA1E863108F507270A2 /* GoogleSignIn in Frameworks */,
				DC424EBE331CACFB7A779EBE /* MSAL in Frameworks */,
			);
			runOnlyForDeploymentPostprocessing = 0;
		};
/* End PBXFrameworksBuildPhase section */

/* Begin PBXGroup section */
		079443DD26ED3E4BF35EFB89 /* Shared */ = {
			isa = PBXGroup;
			children = (
				DEEDF6040B85A296E4B02999 /* CompleteReminderIntent.swift */,
				02C24B60AE2C3A8BC1A78717 /* CompleteTaskIntent.swift */,
				2460F60F2E9BFB4E156617D5 /* OpenAIRealtimeSession.swift */,
				B2DE41BF9A76EFDD5DFF87DE /* TaskShared.swift */,
				F58CBFE7A6F1F21E7C63EF05 /* WatchTaskSync.swift */,
				E10EAC59F401CF1E337C7449 /* WatchVoiceSync.swift */,
			);
			path = Shared;
			sourceTree = "<group>";
		};
		1AE7723E3F75833D900B6CF4 /* OrbitWatchApp */ = {
			isa = PBXGroup;
			children = (
				52B66373588EF0E000EB8E4F /* Info.plist */,
				4661D1CA98F29632B387DF10 /* OrbitWatchApp.swift */,
				07E6B2E1062D708BF521B592 /* WatchTaskStore.swift */,
				0CADD225759473938F1C62DA /* WatchTasksView.swift */,
			);
			path = OrbitWatchApp;
			sourceTree = "<group>";
		};
		217D2714FB13BA80190E9565 /* Home */ = {
			isa = PBXGroup;
			children = (
				B2C92CD2B8640D66E3CBCC82 /* HomeView.swift */,
			);
			path = Home;
			sourceTree = "<group>";
		};
		22641417FC3A01419BED4D30 /* Services */ = {
			isa = PBXGroup;
			children = (
				CBF66E3107D8E4735BEC5AA0 /* AIService.swift */,
				C309F9B18CE35E92B9A1A293 /* AssistantContextBuilder.swift */,
				511D058F3F7ABBF06BBD47B9 /* AutomationService.swift */,
				BA5AD11062490916EAE95A73 /* EmailIntelligence.swift */,
				2E9ED31B39A5F92FB5338746 /* LoadState.swift */,
				317E3DF49749D997F7826E5C /* Notifications.swift */,
				5A354BD82F5115F67AB42C83 /* OpenAIClient.swift */,
				2EDA11F9DA1A71F52E0580C6 /* OrbitAppIntents.swift */,
				A003E5C361168415CDA11A84 /* RealtimeClientSecretProvider.swift */,
				B5685F558140F0AD9C1B5082 /* TaskAlertScheduler.swift */,
				09D2203241477E45D5C4A7F8 /* VoiceAssistantAudio.swift */,
				24E33A918CDC8CCA401615F6 /* WatchTaskSyncService.swift */,
			);
			path = Services;
			sourceTree = "<group>";
		};
		2AF73A4890F4DE996AB95575 /* Products */ = {
			isa = PBXGroup;
			children = (
				E5C1C4C959CBEDB3454D8549 /* JobRadar.app */,
				A149CC4FEE24F218065193DC /* JobRadarTests.xctest */,
				482585DDB0350316F77C0D40 /* OrbitTasksWidget.appex */,
				F882F5036BC1EEEBDF12AB42 /* OrbitWatchApp.app */,
			);
			name = Products;
			sourceTree = "<group>";
		};
		2C870600B1E410159841086D /* Tasks */ = {
			isa = PBXGroup;
			children = (
				EF1131EEA886B356B138F53D /* TasksView.swift */,
			);
			path = Tasks;
			sourceTree = "<group>";
		};
		494C8AA7263FA84DFB272CAE /* JobRadarTests */ = {
			isa = PBXGroup;
			children = (
				101BA336A7E6F9D9F6BBBF4A /* IncomeModelsTests.swift */,
				0B3C3E41EBC0220B2D1900CB /* VoiceFeatureTests.swift */,
			);
			path = JobRadarTests;
			sourceTree = "<group>";
		};
		4ED1BAFEEA762C60BD332DED /* Models */ = {
			isa = PBXGroup;
			children = (
				E490EDBDD456EADE5AD97457 /* DomainModels.swift */,
				B6D3BD814E6282106B4501F3 /* FinanceModels.swift */,
				C70364CB80048866885CF626 /* IncomeModels.swift */,
				081316B189E1395A742756AA /* JobApplication.swift */,
				0B705B72FF8F79E5F808FDD8 /* UnifiedEmailModels.swift */,
			);
			path = Models;
			sourceTree = "<group>";
		};
		594384611F265A89EC23FEA4 /* JobRadar */ = {
			isa = PBXGroup;
			children = (
				D4B77A2C8AE025E53D493F29 /* Assets.xcassets */,
				B27559F9858BE3779E1E6E76 /* App */,
				7F8E25FCF9B1235262BFD31A /* Authentication */,
				FB68CDF15DC320F2593F59CD /* Config */,
				B705AFF0B0E8026D03B94458 /* Design */,
				903F3124EF25571A42AD9BF8 /* Mocks */,
				4ED1BAFEEA762C60BD332DED /* Models */,
				C7D1EA57C4394700DC6752DC /* Networking */,
				7A28636CB21050B0D729C6F2 /* Repositories */,
				61395E1A586BC4B5F42813CF /* Resources */,
				22641417FC3A01419BED4D30 /* Services */,
				CCF722BFFEFEBFE592226375 /* State */,
				FD8F220586975D57388DF171 /* Views */,
			);
			path = JobRadar;
			sourceTree = "<group>";
		};
		5954E5311DC23DAB84D3DFA4 /* Health */ = {
			isa = PBXGroup;
			children = (
				ECD9B66ADF909794E6305D8B /* HealthView.swift */,
			);
			path = Health;
			sourceTree = "<group>";
		};
		61395E1A586BC4B5F42813CF /* Resources */ = {
			isa = PBXGroup;
			children = (
				12FE95822077E986CB0DB230 /* Info.plist */,
				ACDE3B61367785DDDEF1C81A /* JobRadar.entitlements */,
			);
			path = Resources;
			sourceTree = "<group>";
		};
		7A28636CB21050B0D729C6F2 /* Repositories */ = {
			isa = PBXGroup;
			children = (
				DA0DE43A2334E6C3B537B310 /* CalendarRepository.swift */,
				69FA4354348C106022F9BFBF /* FinanceRepository.swift */,
				E8F9A7C96773C4227E89DC95 /* GmailRepository.swift */,
				84D8FFC5D82468565873A0F6 /* HealthKitProvider.swift */,
				B679CD1F7C02B81E9E21257A /* HealthRepository.swift */,
				825A4BFF8F6353578479064F /* JobRepository.swift */,
				83E30B2A73AB2B5F21B4C0EA /* ReminderRepository.swift */,
				9FC343A20B40D82C59F783A8 /* TaskRepository.swift */,
			);
			path = Repositories;
			sourceTree = "<group>";
		};
		7E7A1483747190C415968ED2 /* Finance */ = {
			isa = PBXGroup;
			children = (
				8A2E91F3E01F71EB2333A6DE /* FinanceView.swift */,
				9E1773AC47E7872B50A91F32 /* IncomeCalculatorView.swift */,
				DE206F479CD751D793501449 /* IncomeView.swift */,
			);
			path = Finance;
			sourceTree = "<group>";
		};
		7F8E25FCF9B1235262BFD31A /* Authentication */ = {
			isa = PBXGroup;
			children = (
				98A12AB7C7A21F5673C47A9B /* AuthenticationManager.swift */,
				D28D2C02977AF00022EBA472 /* GoogleAuthService.swift */,
				375DED7A12243003D97DAB36 /* KeychainStore.swift */,
				3DA2545E3854B16EC3DEA8FB /* MicrosoftAuthService.swift */,
				223B53969C9C40906A768130 /* UserSession.swift */,
			);
			path = Authentication;
			sourceTree = "<group>";
		};
		903F3124EF25571A42AD9BF8 /* Mocks */ = {
			isa = PBXGroup;
			children = (
				AA64D209496530B835D58DE0 /* MockData.swift */,
				1CD217C7F45C37350D0D0993 /* PreviewSupport.swift */,
			);
			path = Mocks;
			sourceTree = "<group>";
		};
		947C04CED437ECEC4DF44DF0 /* Components */ = {
			isa = PBXGroup;
			children = (
				37A70448638A7FBACEECB025 /* StateViews.swift */,
			);
			path = Components;
			sourceTree = "<group>";
		};
		97E44173C5BE49B4B3D12955 /* Onboarding */ = {
			isa = PBXGroup;
			children = (
				1F5A74836316A15C71893550 /* SetupServicesView.swift */,
				6C2E579C0605F09258AD6721 /* WelcomeView.swift */,
			);
			path = Onboarding;
			sourceTree = "<group>";
		};
		A908C6096DDD0AA484062440 /* Inbox */ = {
			isa = PBXGroup;
			children = (
				C4174A98006638BAEFA70EDC /* InboxView.swift */,
			);
			path = Inbox;
			sourceTree = "<group>";
		};
		ABB9D602334A388542906BDC = {
			isa = PBXGroup;
			children = (
				594384611F265A89EC23FEA4 /* JobRadar */,
				494C8AA7263FA84DFB272CAE /* JobRadarTests */,
				EFEB57876656BCADC69A970C /* OrbitTasksWidget */,
				1AE7723E3F75833D900B6CF4 /* OrbitWatchApp */,
				079443DD26ED3E4BF35EFB89 /* Shared */,
				2AF73A4890F4DE996AB95575 /* Products */,
			);
			sourceTree = "<group>";
		};
		B27559F9858BE3779E1E6E76 /* App */ = {
			isa = PBXGroup;
			children = (
				93A8C891ED8B931275D311E9 /* AppDelegate.swift */,
				CCB723C09D31590A2318455B /* JobRadarApp.swift */,
			);
			path = App;
			sourceTree = "<group>";
		};
		B705AFF0B0E8026D03B94458 /* Design */ = {
			isa = PBXGroup;
			children = (
				605877B44D14E24E1BDD97C1 /* AppTheme.swift */,
			);
			path = Design;
			sourceTree = "<group>";
		};
		C7D1EA57C4394700DC6752DC /* Networking */ = {
			isa = PBXGroup;
			children = (
				8E7D5E6100301DF890FDDC22 /* APIClient.swift */,
				59328EE64563B306F65DDF2A /* AppleCalendarService.swift */,
				2F1A036D5B707AE674B293FD /* GmailAPIClient.swift */,
				8E4120879E57055EA65484B9 /* GoogleCalendarAPIClient.swift */,
				C7CD04CCC9045715A19525DE /* OutlookServices.swift */,
			);
			path = Networking;
			sourceTree = "<group>";
		};
		CB567F080A838018ABDE6ECF /* Automations */ = {
			isa = PBXGroup;
			children = (
				8A789E8AAFF646539E42F8A2 /* AutomationsView.swift */,
			);
			path = Automations;
			sourceTree = "<group>";
		};
		CCF722BFFEFEBFE592226375 /* State */ = {
			isa = PBXGroup;
			children = (
				D067962D79BA18E4CC713CAB /* AppState.swift */,
			);
			path = State;
			sourceTree = "<group>";
		};
		D002D46167B74B884A3FBDF9 /* Jobs */ = {
			isa = PBXGroup;
			children = (
				3FF92461C5FFFF7F3BB23880 /* JobsView.swift */,
			);
			path = Jobs;
			sourceTree = "<group>";
		};
		D4103BD7D2514C6D8C3D138A /* Assistant */ = {
			isa = PBXGroup;
			children = (
				ECFAC6C4A0CFBF7AAF27CD01 /* AssistantView.swift */,
				9D7988ACD3D141AA80C2C7C1 /* LiveVoiceView.swift */,
			);
			path = Assistant;
			sourceTree = "<group>";
		};
		E3403E6F2CEA784AB244F746 /* Settings */ = {
			isa = PBXGroup;
			children = (
				E828B0E48D19E2D0EB7637AD /* SettingsView.swift */,
			);
			path = Settings;
			sourceTree = "<group>";
		};
		EFEB57876656BCADC69A970C /* OrbitTasksWidget */ = {
			isa = PBXGroup;
			children = (
				9D61703E02BC806EF8E7ABB2 /* Info.plist */,
				4EE857CFC8FF53BB99E83840 /* OrbitTasksWidget.entitlements */,
				3CE1F9303FEFE5B2C4C02E12 /* OrbitTasksWidget.swift */,
			);
			path = OrbitTasksWidget;
			sourceTree = "<group>";
		};
		FB68CDF15DC320F2593F59CD /* Config */ = {
			isa = PBXGroup;
			children = (
				5125E34437F5EB2C491A65EF /* AppConfig.swift */,
			);
			path = Config;
			sourceTree = "<group>";
		};
		FD8F220586975D57388DF171 /* Views */ = {
			isa = PBXGroup;
			children = (
				6A74CE017726AAE3CC62D378 /* MainTabView.swift */,
				E522CD746A20A5BC8A8578A1 /* RootView.swift */,
				D4103BD7D2514C6D8C3D138A /* Assistant */,
				CB567F080A838018ABDE6ECF /* Automations */,
				947C04CED437ECEC4DF44DF0 /* Components */,
				7E7A1483747190C415968ED2 /* Finance */,
				5954E5311DC23DAB84D3DFA4 /* Health */,
				217D2714FB13BA80190E9565 /* Home */,
				A908C6096DDD0AA484062440 /* Inbox */,
				D002D46167B74B884A3FBDF9 /* Jobs */,
				97E44173C5BE49B4B3D12955 /* Onboarding */,
				E3403E6F2CEA784AB244F746 /* Settings */,
				2C870600B1E410159841086D /* Tasks */,
			);
			path = Views;
			sourceTree = "<group>";
		};
/* End PBXGroup section */

/* Begin PBXNativeTarget section */
		62DF076E9D8E8CD291E700E9 /* OrbitWatchApp */ = {
			isa = PBXNativeTarget;
			buildConfigurationList = 858521B2AE90848720DF54AB /* Build configuration list for PBXNativeTarget "OrbitWatchApp" */;
			buildPhases = (
				885F1EA2A71D079F26D6A58E /* Sources */,
				CCB478BA4F24F2EA3DE4B9BE /* Resources */,
			);
			buildRules = (
			);
			dependencies = (
			);
			name = OrbitWatchApp;
			packageProductDependencies = (
			);
			productName = OrbitWatchApp;
			productReference = F882F5036BC1EEEBDF12AB42 /* OrbitWatchApp.app */;
			productType = "com.apple.product-type.application";
		};
		9005D2F93B3B99CC91A0E2B1 /* JobRadar */ = {
			isa = PBXNativeTarget;
			buildConfigurationList = C9ED05CE953D50013B817B0E /* Build configuration list for PBXNativeTarget "JobRadar" */;
			buildPhases = (
				F24CBB113CDB0B3FDF32DC05 /* Sources */,
				CBEDEBE94E9FBFE7763C20FB /* Resources */,
				F2F7270A6AF1CBF0B65721E1 /* Frameworks */,
				77AF1597FC6CEC807C13C2B7 /* Embed Foundation Extensions */,
				51E9D49EA8F160A96BCD3266 /* Embed Watch Content */,
			);
			buildRules = (
			);
			dependencies = (
				E146BB5640F007BCF5E3DF7D /* PBXTargetDependency */,
				E24D4F1933DC7D547EDEA0CE /* PBXTargetDependency */,
			);
			name = JobRadar;
			packageProductDependencies = (
				FF5F11301C970028D747DA36 /* GoogleSignIn */,
				4BA8291384B92F40E6F5B8EA /* MSAL */,
			);
			productName = JobRadar;
			productReference = E5C1C4C959CBEDB3454D8549 /* JobRadar.app */;
			productType = "com.apple.product-type.application";
		};
		DD1C28B7ABB860DD7281CCE1 /* JobRadarTests */ = {
			isa = PBXNativeTarget;
			buildConfigurationList = 511207542C36E9A31C63888E /* Build configuration list for PBXNativeTarget "JobRadarTests" */;
			buildPhases = (
				BA36D9BA52A127A4C86C5D9C /* Sources */,
			);
			buildRules = (
			);
			dependencies = (
				70A50B94CD67D4080BE05C3C /* PBXTargetDependency */,
			);
			name = JobRadarTests;
			packageProductDependencies = (
			);
			productName = JobRadarTests;
			productReference = A149CC4FEE24F218065193DC /* JobRadarTests.xctest */;
			productType = "com.apple.product-type.bundle.unit-test";
		};
		DE4156179A24898D4581C93D /* OrbitTasksWidget */ = {
			isa = PBXNativeTarget;
			buildConfigurationList = DF0DB3984CBE43B5792CE081 /* Build configuration list for PBXNativeTarget "OrbitTasksWidget" */;
			buildPhases = (
				D00DF18FD237B2ABD4327129 /* Sources */,
			);
			buildRules = (
			);
			dependencies = (
			);
			name = OrbitTasksWidget;
			packageProductDependencies = (
			);
			productName = OrbitTasksWidget;
			productReference = 482585DDB0350316F77C0D40 /* OrbitTasksWidget.appex */;
			productType = "com.apple.product-type.app-extension";
		};
/* End PBXNativeTarget section */

/* Begin PBXProject section */
		7FA7DD4823E985C9F95A1F0C /* Project object */ = {
			isa = PBXProject;
			attributes = {
				BuildIndependentTargetsInParallel = YES;
				LastUpgradeCheck = 1430;
				TargetAttributes = {
					62DF076E9D8E8CD291E700E9 = {
						DevelopmentTeam = VN6463GX9K;
						ProvisioningStyle = Automatic;
					};
					9005D2F93B3B99CC91A0E2B1 = {
						DevelopmentTeam = VN6463GX9K;
						ProvisioningStyle = Automatic;
					};
					DE4156179A24898D4581C93D = {
						DevelopmentTeam = VN6463GX9K;
						ProvisioningStyle = Automatic;
					};
				};
			};
			buildConfigurationList = 663D64FF12B8E61F59A25556 /* Build configuration list for PBXProject "JobRadar" */;
			developmentRegion = en;
			hasScannedForEncodings = 0;
			knownRegions = (
				Base,
				en,
			);
			mainGroup = ABB9D602334A388542906BDC;
			minimizedProjectReferenceProxies = 1;
			packageReferences = (
				EA0A42F3F8E2176DD82D7FF3 /* XCRemoteSwiftPackageReference "GoogleSignIn-iOS" */,
				FE67028FD63DFBC7EDE8BC13 /* XCRemoteSwiftPackageReference "microsoft-authentication-library-for-objc" */,
			);
			preferredProjectObjectVersion = 77;
			productRefGroup = 2AF73A4890F4DE996AB95575 /* Products */;
			projectDirPath = "";
			projectRoot = "";
			targets = (
				9005D2F93B3B99CC91A0E2B1 /* JobRadar */,
				DE4156179A24898D4581C93D /* OrbitTasksWidget */,
				62DF076E9D8E8CD291E700E9 /* OrbitWatchApp */,
				DD1C28B7ABB860DD7281CCE1 /* JobRadarTests */,
			);
		};
/* End PBXProject section */

/* Begin PBXResourcesBuildPhase section */
		CBEDEBE94E9FBFE7763C20FB /* Resources */ = {
			isa = PBXResourcesBuildPhase;
			buildActionMask = 2147483647;
			files = (
				459BA54C06C8F106D606E512 /* Assets.xcassets in Resources */,
			);
			runOnlyForDeploymentPostprocessing = 0;
		};
		CCB478BA4F24F2EA3DE4B9BE /* Resources */ = {
			isa = PBXResourcesBuildPhase;
			buildActionMask = 2147483647;
			files = (
				C41A5D3E249109C0BD89B6E1 /* Assets.xcassets in Resources */,
			);
			runOnlyForDeploymentPostprocessing = 0;
		};
/* End PBXResourcesBuildPhase section */

/* Begin PBXSourcesBuildPhase section */
		885F1EA2A71D079F26D6A58E /* Sources */ = {
			isa = PBXSourcesBuildPhase;
			buildActionMask = 2147483647;
			files = (
				7F6C05253DBC1EA1A0A4BEEC /* OpenAIRealtimeSession.swift in Sources */,
				34FDE89DCDCDC8C4135ED0E1 /* OrbitWatchApp.swift in Sources */,
				B3FE91EB43011F63B968691C /* WatchTaskStore.swift in Sources */,
				DA0B396384F875DED5362BD4 /* WatchTaskSync.swift in Sources */,
				0410E675C9F89B2977505160 /* WatchTasksView.swift in Sources */,
				B4542E688A2725CC0CD9C836 /* WatchVoiceSync.swift in Sources */,
			);
			runOnlyForDeploymentPostprocessing = 0;
		};
		BA36D9BA52A127A4C86C5D9C /* Sources */ = {
			isa = PBXSourcesBuildPhase;
			buildActionMask = 2147483647;
			files = (
				704D0A9D21814FB283C0FD48 /* IncomeModelsTests.swift in Sources */,
				856A9771534F82087D626F20 /* VoiceFeatureTests.swift in Sources */,
			);
			runOnlyForDeploymentPostprocessing = 0;
		};
		D00DF18FD237B2ABD4327129 /* Sources */ = {
			isa = PBXSourcesBuildPhase;
			buildActionMask = 2147483647;
			files = (
				B0DA9F5F32DDCD3B22A2D4EE /* CompleteReminderIntent.swift in Sources */,
				A6C046F9269DF33CD8E0381E /* CompleteTaskIntent.swift in Sources */,
				7E2A5D5BF8A4A9C5A6E65F87 /* OpenAIRealtimeSession.swift in Sources */,
				A414066314D959E665988E0B /* OrbitTasksWidget.swift in Sources */,
				B54A14AA9FA6700F5FD0F643 /* TaskShared.swift in Sources */,
				FABE4A082F1034A3C64583E4 /* WatchTaskSync.swift in Sources */,
				5105CD8ABC0A3BCB67D7C936 /* WatchVoiceSync.swift in Sources */,
			);
			runOnlyForDeploymentPostprocessing = 0;
		};
		F24CBB113CDB0B3FDF32DC05 /* Sources */ = {
			isa = PBXSourcesBuildPhase;
			buildActionMask = 2147483647;
			files = (
				4378C05AB70D2274DEC6090C /* AIService.swift in Sources */,
				BBB2E51451BE60D68A526F5E /* APIClient.swift in Sources */,
				22001DAB50ECE76A7B798C64 /* AppConfig.swift in Sources */,
				0A54B14B087712E487BC5324 /* AppDelegate.swift in Sources */,
				E53B4979A689F0CC687AEEAD /* AppState.swift in Sources */,
				307FC4B49BAB0D4AA52137C3 /* AppTheme.swift in Sources */,
				907DFDB789588829900C9E7C /* AppleCalendarService.swift in Sources */,
				31723BEEC480AE0C86AF9BB2 /* AssistantContextBuilder.swift in Sources */,
				DACD360471F39A1B1D38E4FB /* AssistantView.swift in Sources */,
				45D2C0B582A1A3CC42419458 /* AuthenticationManager.swift in Sources */,
				32349C8B32DF9AA64ABA0E33 /* AutomationService.swift in Sources */,
				BBC8E26BD67B890A9A9B7DD8 /* AutomationsView.swift in Sources */,
				E458521BE54941826781C4EC /* CalendarRepository.swift in Sources */,
				EF38863BEED5B56BBB2ACE6E /* CompleteReminderIntent.swift in Sources */,
				6D0CBEE77618FA198A5B92AA /* CompleteTaskIntent.swift in Sources */,
				5CA37B7B5C23682B2E122933 /* DomainModels.swift in Sources */,
				70C820C1D7F681B6AF34C7FD /* EmailIntelligence.swift in Sources */,
				C8B2455D1A8245087E676F55 /* FinanceModels.swift in Sources */,
				9EC66345D2A021B0E1AB5A21 /* FinanceRepository.swift in Sources */,
				D7AA3F39C0EAB56A9252F605 /* FinanceView.swift in Sources */,
				B434BBA30DBE90A56FE45ADF /* GmailAPIClient.swift in Sources */,
				9C1C1ED1F0E0497AF3DC38A2 /* GmailRepository.swift in Sources */,
				AC72FA5438AEA079D98E26A1 /* GoogleAuthService.swift in Sources */,
				F2D273D0E80250C0CD055A79 /* GoogleCalendarAPIClient.swift in Sources */,
				86429CAB680D9B19445B6A29 /* HealthKitProvider.swift in Sources */,
				0FA42EE1425054BF9C253D6B /* HealthRepository.swift in Sources */,
				232BDA959969FEE792201E7C /* HealthView.swift in Sources */,
				CC83A21919DB9E7E9CACEC09 /* HomeView.swift in Sources */,
				F4817B665273A489299E4C6D /* InboxView.swift in Sources */,
				6E577B0A8F0AB5B444343448 /* IncomeCalculatorView.swift in Sources */,
				A4DE2F91A18B9AB754DD6EE1 /* IncomeModels.swift in Sources */,
				063C7042816E9CC752F98992 /* IncomeView.swift in Sources */,
				1A8CDA6C1DD88A9A988EFEA4 /* JobApplication.swift in Sources */,
				CF134F2E07B87AA233FAFE67 /* JobRadarApp.swift in Sources */,
				823931BA3DF810460B341687 /* JobRepository.swift in Sources */,
				81CAADB84CA34EB7F028B7E9 /* JobsView.swift in Sources */,
				86DB444124A80BA9FED908F1 /* KeychainStore.swift in Sources */,
				8512DF0E7CB12FDE8A850D5C /* LoadState.swift in Sources */,
				4A7D1B4C49FD4FCB8547762C /* LiveVoiceView.swift in Sources */,
				17844158F5A6D935114B4FA0 /* MainTabView.swift in Sources */,
				3DE00414E07A72E364DE8E3B /* MicrosoftAuthService.swift in Sources */,
				CE1444C6FA85710E61AA0A45 /* MockData.swift in Sources */,
				1ADB01E7E39A0A8E62B6EB8B /* Notifications.swift in Sources */,
				673A62ADC76C0058BB8445B1 /* OpenAIClient.swift in Sources */,
				8F0EB0E1CF36486BB52C3A1F /* OpenAIRealtimeSession.swift in Sources */,
				893FBC79D25BCEAFFE1A8087 /* OrbitAppIntents.swift in Sources */,
				4B5BEB5715481FCC0F864E7D /* OutlookServices.swift in Sources */,
				A0404158FAA5A83B1C90B809 /* PreviewSupport.swift in Sources */,
				45B6B735C372EEE93AE97A5A /* RealtimeClientSecretProvider.swift in Sources */,
				9CFA273CAF5A90E0A546C750 /* ReminderRepository.swift in Sources */,
				A6A027D89FD93E6AAD9540D1 /* RootView.swift in Sources */,
				BB02357680991FDA0A0A04D6 /* SettingsView.swift in Sources */,
				CEFDD22DD4CE2E3154D9724F /* SetupServicesView.swift in Sources */,
				5ADE4127244D6FF9B999D033 /* StateViews.swift in Sources */,
				00A2139F9B0792C0EE61C1F1 /* TaskAlertScheduler.swift in Sources */,
				13FF521C657868965DBACEF1 /* TaskRepository.swift in Sources */,
				BECC2A29A8F8645D2E5F5EAF /* TaskShared.swift in Sources */,
				45FEE3D71293E4ABF6D63D6D /* TasksView.swift in Sources */,
				79E1184541C0E5A652207C9F /* UnifiedEmailModels.swift in Sources */,
				8F6DAA54D60397D1C70E2BB0 /* UserSession.swift in Sources */,
				A006E36266F2442D3F47B09E /* VoiceAssistantAudio.swift in Sources */,
				21919C73BBEBC1250CC310F5 /* WatchTaskSync.swift in Sources */,
				993052AC797DE224B7C8FC2A /* WatchTaskSyncService.swift in Sources */,
				4AC8F04E4D9D5F86E1ADD8E0 /* WatchVoiceSync.swift in Sources */,
				162186FCDDD8C1963AA7E44A /* WelcomeView.swift in Sources */,
			);
			runOnlyForDeploymentPostprocessing = 0;
		};
/* End PBXSourcesBuildPhase section */

/* Begin PBXTargetDependency section */
		70A50B94CD67D4080BE05C3C /* PBXTargetDependency */ = {
			isa = PBXTargetDependency;
			target = 9005D2F93B3B99CC91A0E2B1 /* JobRadar */;
			targetProxy = 0D28AA332C48ED8ECD647CC9 /* PBXContainerItemProxy */;
		};
		E146BB5640F007BCF5E3DF7D /* PBXTargetDependency */ = {
			isa = PBXTargetDependency;
			target = DE4156179A24898D4581C93D /* OrbitTasksWidget */;
			targetProxy = 06657B2A9F6DEE5051D0BEDD /* PBXContainerItemProxy */;
		};
		E24D4F1933DC7D547EDEA0CE /* PBXTargetDependency */ = {
			isa = PBXTargetDependency;
			target = 62DF076E9D8E8CD291E700E9 /* OrbitWatchApp */;
			targetProxy = 19EA529534338418BD130EC8 /* PBXContainerItemProxy */;
		};
/* End PBXTargetDependency section */

/* Begin XCBuildConfiguration section */
		059A0EE5BFF6B6A7E98EEE71 /* Release */ = {
			isa = XCBuildConfiguration;
			buildSettings = {
				ASSETCATALOG_COMPILER_APPICON_NAME = AppIcon;
				CODE_SIGN_ENTITLEMENTS = JobRadar/Resources/JobRadar.entitlements;
				CODE_SIGN_IDENTITY = "iPhone Developer";
				CODE_SIGN_STYLE = Automatic;
				DEVELOPMENT_TEAM = VN6463GX9K;
				INFOPLIST_FILE = JobRadar/Resources/Info.plist;
				LD_RUNPATH_SEARCH_PATHS = (
					"$(inherited)",
					"@executable_path/Frameworks",
				);
				PRODUCT_BUNDLE_IDENTIFIER = com.hetpatel.jobradar;
				PRODUCT_MODULE_NAME = JobRadar;
				PRODUCT_NAME = Orbit;
				SDKROOT = iphoneos;
				TARGETED_DEVICE_FAMILY = 1;
			};
			name = Release;
		};
		0B2CF79DF7341B75520894D0 /* Debug */ = {
			isa = XCBuildConfiguration;
			buildSettings = {
				APPLICATION_EXTENSION_API_ONLY = YES;
				CODE_SIGN_ENTITLEMENTS = OrbitTasksWidget/OrbitTasksWidget.entitlements;
				CODE_SIGN_STYLE = Automatic;
				DEVELOPMENT_TEAM = VN6463GX9K;
				INFOPLIST_FILE = OrbitTasksWidget/Info.plist;
				LD_RUNPATH_SEARCH_PATHS = (
					"$(inherited)",
					"@executable_path/Frameworks",
					"@executable_path/../../Frameworks",
				);
				PRODUCT_BUNDLE_IDENTIFIER = "com.hetpatel.jobradar.tasks-widget";
				PRODUCT_NAME = OrbitTasksWidget;
				SDKROOT = iphoneos;
				SKIP_INSTALL = YES;
				TARGETED_DEVICE_FAMILY = 1;
			};
			name = Debug;
		};
		1939C4E153F53E56BFAB855C /* Release */ = {
			isa = XCBuildConfiguration;
			buildSettings = {
				ALWAYS_SEARCH_USER_PATHS = NO;
				CLANG_ANALYZER_NONNULL = YES;
				CLANG_ANALYZER_NUMBER_OBJECT_CONVERSION = YES_AGGRESSIVE;
				CLANG_CXX_LANGUAGE_STANDARD = "gnu++14";
				CLANG_CXX_LIBRARY = "libc++";
				CLANG_ENABLE_MODULES = YES;
				CLANG_ENABLE_OBJC_ARC = YES;
				CLANG_ENABLE_OBJC_WEAK = YES;
				CLANG_WARN_BLOCK_CAPTURE_AUTORELEASING = YES;
				CLANG_WARN_BOOL_CONVERSION = YES;
				CLANG_WARN_COMMA = YES;
				CLANG_WARN_CONSTANT_CONVERSION = YES;
				CLANG_WARN_DEPRECATED_OBJC_IMPLEMENTATIONS = YES;
				CLANG_WARN_DIRECT_OBJC_ISA_USAGE = YES_ERROR;
				CLANG_WARN_DOCUMENTATION_COMMENTS = YES;
				CLANG_WARN_EMPTY_BODY = YES;
				CLANG_WARN_ENUM_CONVERSION = YES;
				CLANG_WARN_INFINITE_RECURSION = YES;
				CLANG_WARN_INT_CONVERSION = YES;
				CLANG_WARN_NON_LITERAL_NULL_CONVERSION = YES;
				CLANG_WARN_OBJC_IMPLICIT_RETAIN_SELF = YES;
				CLANG_WARN_OBJC_LITERAL_CONVERSION = YES;
				CLANG_WARN_OBJC_ROOT_CLASS = YES_ERROR;
				CLANG_WARN_QUOTED_INCLUDE_IN_FRAMEWORK_HEADER = YES;
				CLANG_WARN_RANGE_LOOP_ANALYSIS = YES;
				CLANG_WARN_STRICT_PROTOTYPES = YES;
				CLANG_WARN_SUSPICIOUS_MOVE = YES;
				CLANG_WARN_UNGUARDED_AVAILABILITY = YES_AGGRESSIVE;
				CLANG_WARN_UNREACHABLE_CODE = YES;
				CLANG_WARN__DUPLICATE_METHOD_MATCH = YES;
				COPY_PHASE_STRIP = NO;
				CURRENT_PROJECT_VERSION = 4;
				DEBUG_INFORMATION_FORMAT = "dwarf-with-dsym";
				ENABLE_NS_ASSERTIONS = NO;
				ENABLE_STRICT_OBJC_MSGSEND = YES;
				GCC_C_LANGUAGE_STANDARD = gnu11;
				GCC_NO_COMMON_BLOCKS = YES;
				GCC_WARN_64_TO_32_BIT_CONVERSION = YES;
				GCC_WARN_ABOUT_RETURN_TYPE = YES_ERROR;
				GCC_WARN_UNDECLARED_SELECTOR = YES;
				GCC_WARN_UNINITIALIZED_AUTOS = YES_AGGRESSIVE;
				GCC_WARN_UNUSED_FUNCTION = YES;
				GCC_WARN_UNUSED_VARIABLE = YES;
				IPHONEOS_DEPLOYMENT_TARGET = 17.0;
				MARKETING_VERSION = 1.0;
				MTL_ENABLE_DEBUG_INFO = NO;
				MTL_FAST_MATH = YES;
				PRODUCT_NAME = "$(TARGET_NAME)";
				SWIFT_COMPILATION_MODE = wholemodule;
				SWIFT_OPTIMIZATION_LEVEL = "-O";
				SWIFT_VERSION = 5.10;
				WATCHOS_DEPLOYMENT_TARGET = 10.0;
			};
			name = Release;
		};
		1C1ECC07F316E678D636A3AE /* Release */ = {
			isa = XCBuildConfiguration;
			buildSettings = {
				BUNDLE_LOADER = "$(TEST_HOST)";
				GENERATE_INFOPLIST_FILE = YES;
				LD_RUNPATH_SEARCH_PATHS = (
					"$(inherited)",
					"@executable_path/Frameworks",
					"@loader_path/Frameworks",
				);
				PRODUCT_BUNDLE_IDENTIFIER = com.hetpatel.jobradar.tests;
				SDKROOT = iphoneos;
				TARGETED_DEVICE_FAMILY = 1;
				TEST_HOST = "$(BUILT_PRODUCTS_DIR)/Orbit.app/Orbit";
			};
			name = Release;
		};
		398075F10C6D1AC5C9664E92 /* Release */ = {
			isa = XCBuildConfiguration;
			buildSettings = {
				APPLICATION_EXTENSION_API_ONLY = YES;
				CODE_SIGN_ENTITLEMENTS = OrbitTasksWidget/OrbitTasksWidget.entitlements;
				CODE_SIGN_STYLE = Automatic;
				DEVELOPMENT_TEAM = VN6463GX9K;
				INFOPLIST_FILE = OrbitTasksWidget/Info.plist;
				LD_RUNPATH_SEARCH_PATHS = (
					"$(inherited)",
					"@executable_path/Frameworks",
					"@executable_path/../../Frameworks",
				);
				PRODUCT_BUNDLE_IDENTIFIER = "com.hetpatel.jobradar.tasks-widget";
				PRODUCT_NAME = OrbitTasksWidget;
				SDKROOT = iphoneos;
				SKIP_INSTALL = YES;
				TARGETED_DEVICE_FAMILY = 1;
			};
			name = Release;
		};
		43EC9313F8D6921C6F5F532B /* Release */ = {
			isa = XCBuildConfiguration;
			buildSettings = {
				ASSETCATALOG_COMPILER_APPICON_NAME = AppIcon;
				CODE_SIGN_STYLE = Automatic;
				DEVELOPMENT_TEAM = VN6463GX9K;
				INFOPLIST_FILE = OrbitWatchApp/Info.plist;
				PRODUCT_BUNDLE_IDENTIFIER = com.hetpatel.jobradar.watchkitapp;
				PRODUCT_NAME = OrbitWatchApp;
				SDKROOT = watchos;
				SKIP_INSTALL = YES;
				TARGETED_DEVICE_FAMILY = 4;
			};
			name = Release;
		};
		48C4E51C53D8D2E7C673F9D6 /* Debug */ = {
			isa = XCBuildConfiguration;
			buildSettings = {
				ASSETCATALOG_COMPILER_APPICON_NAME = AppIcon;
				CODE_SIGN_ENTITLEMENTS = JobRadar/Resources/JobRadar.entitlements;
				CODE_SIGN_IDENTITY = "iPhone Developer";
				CODE_SIGN_STYLE = Automatic;
				DEVELOPMENT_TEAM = VN6463GX9K;
				INFOPLIST_FILE = JobRadar/Resources/Info.plist;
				LD_RUNPATH_SEARCH_PATHS = (
					"$(inherited)",
					"@executable_path/Frameworks",
				);
				PRODUCT_BUNDLE_IDENTIFIER = com.hetpatel.jobradar;
				PRODUCT_MODULE_NAME = JobRadar;
				PRODUCT_NAME = Orbit;
				SDKROOT = iphoneos;
				TARGETED_DEVICE_FAMILY = 1;
			};
			name = Debug;
		};
		802562E42460E4946D6AF01B /* Debug */ = {
			isa = XCBuildConfiguration;
			buildSettings = {
				BUNDLE_LOADER = "$(TEST_HOST)";
				GENERATE_INFOPLIST_FILE = YES;
				LD_RUNPATH_SEARCH_PATHS = (
					"$(inherited)",
					"@executable_path/Frameworks",
					"@loader_path/Frameworks",
				);
				PRODUCT_BUNDLE_IDENTIFIER = com.hetpatel.jobradar.tests;
				SDKROOT = iphoneos;
				TARGETED_DEVICE_FAMILY = 1;
				TEST_HOST = "$(BUILT_PRODUCTS_DIR)/Orbit.app/Orbit";
			};
			name = Debug;
		};
		C283AC1F8C182D8C44EBB765 /* Debug */ = {
			isa = XCBuildConfiguration;
			buildSettings = {
				ALWAYS_SEARCH_USER_PATHS = NO;
				CLANG_ANALYZER_NONNULL = YES;
				CLANG_ANALYZER_NUMBER_OBJECT_CONVERSION = YES_AGGRESSIVE;
				CLANG_CXX_LANGUAGE_STANDARD = "gnu++14";
				CLANG_CXX_LIBRARY = "libc++";
				CLANG_ENABLE_MODULES = YES;
				CLANG_ENABLE_OBJC_ARC = YES;
				CLANG_ENABLE_OBJC_WEAK = YES;
				CLANG_WARN_BLOCK_CAPTURE_AUTORELEASING = YES;
				CLANG_WARN_BOOL_CONVERSION = YES;
				CLANG_WARN_COMMA = YES;
				CLANG_WARN_CONSTANT_CONVERSION = YES;
				CLANG_WARN_DEPRECATED_OBJC_IMPLEMENTATIONS = YES;
				CLANG_WARN_DIRECT_OBJC_ISA_USAGE = YES_ERROR;
				CLANG_WARN_DOCUMENTATION_COMMENTS = YES;
				CLANG_WARN_EMPTY_BODY = YES;
				CLANG_WARN_ENUM_CONVERSION = YES;
				CLANG_WARN_INFINITE_RECURSION = YES;
				CLANG_WARN_INT_CONVERSION = YES;
				CLANG_WARN_NON_LITERAL_NULL_CONVERSION = YES;
				CLANG_WARN_OBJC_IMPLICIT_RETAIN_SELF = YES;
				CLANG_WARN_OBJC_LITERAL_CONVERSION = YES;
				CLANG_WARN_OBJC_ROOT_CLASS = YES_ERROR;
				CLANG_WARN_QUOTED_INCLUDE_IN_FRAMEWORK_HEADER = YES;
				CLANG_WARN_RANGE_LOOP_ANALYSIS = YES;
				CLANG_WARN_STRICT_PROTOTYPES = YES;
				CLANG_WARN_SUSPICIOUS_MOVE = YES;
				CLANG_WARN_UNGUARDED_AVAILABILITY = YES_AGGRESSIVE;
				CLANG_WARN_UNREACHABLE_CODE = YES;
				CLANG_WARN__DUPLICATE_METHOD_MATCH = YES;
				COPY_PHASE_STRIP = NO;
				CURRENT_PROJECT_VERSION = 4;
				DEBUG_INFORMATION_FORMAT = dwarf;
				ENABLE_STRICT_OBJC_MSGSEND = YES;
				ENABLE_TESTABILITY = YES;
				GCC_C_LANGUAGE_STANDARD = gnu11;
				GCC_DYNAMIC_NO_PIC = NO;
				GCC_NO_COMMON_BLOCKS = YES;
				GCC_OPTIMIZATION_LEVEL = 0;
				GCC_PREPROCESSOR_DEFINITIONS = (
					"$(inherited)",
					"DEBUG=1",
				);
				GCC_WARN_64_TO_32_BIT_CONVERSION = YES;
				GCC_WARN_ABOUT_RETURN_TYPE = YES_ERROR;
				GCC_WARN_UNDECLARED_SELECTOR = YES;
				GCC_WARN_UNINITIALIZED_AUTOS = YES_AGGRESSIVE;
				GCC_WARN_UNUSED_FUNCTION = YES;
				GCC_WARN_UNUSED_VARIABLE = YES;
				IPHONEOS_DEPLOYMENT_TARGET = 17.0;
				MARKETING_VERSION = 1.0;
				MTL_ENABLE_DEBUG_INFO = INCLUDE_SOURCE;
				MTL_FAST_MATH = YES;
				ONLY_ACTIVE_ARCH = YES;
				PRODUCT_NAME = "$(TARGET_NAME)";
				SWIFT_ACTIVE_COMPILATION_CONDITIONS = DEBUG;
				SWIFT_OPTIMIZATION_LEVEL = "-Onone";
				SWIFT_VERSION = 5.10;
				WATCHOS_DEPLOYMENT_TARGET = 10.0;
			};
			name = Debug;
		};
		C3F084EAEB9056099A750624 /* Debug */ = {
			isa = XCBuildConfiguration;
			buildSettings = {
				ASSETCATALOG_COMPILER_APPICON_NAME = AppIcon;
				CODE_SIGN_STYLE = Automatic;
				DEVELOPMENT_TEAM = VN6463GX9K;
				INFOPLIST_FILE = OrbitWatchApp/Info.plist;
				PRODUCT_BUNDLE_IDENTIFIER = com.hetpatel.jobradar.watchkitapp;
				PRODUCT_NAME = OrbitWatchApp;
				SDKROOT = watchos;
				SKIP_INSTALL = YES;
				TARGETED_DEVICE_FAMILY = 4;
			};
			name = Debug;
		};
/* End XCBuildConfiguration section */

/* Begin XCConfigurationList section */
		511207542C36E9A31C63888E /* Build configuration list for PBXNativeTarget "JobRadarTests" */ = {
			isa = XCConfigurationList;
			buildConfigurations = (
				802562E42460E4946D6AF01B /* Debug */,
				1C1ECC07F316E678D636A3AE /* Release */,
			);
			defaultConfigurationIsVisible = 0;
			defaultConfigurationName = Debug;
		};
		663D64FF12B8E61F59A25556 /* Build configuration list for PBXProject "JobRadar" */ = {
			isa = XCConfigurationList;
			buildConfigurations = (
				C283AC1F8C182D8C44EBB765 /* Debug */,
				1939C4E153F53E56BFAB855C /* Release */,
			);
			defaultConfigurationIsVisible = 0;
			defaultConfigurationName = Debug;
		};
		858521B2AE90848720DF54AB /* Build configuration list for PBXNativeTarget "OrbitWatchApp" */ = {
			isa = XCConfigurationList;
			buildConfigurations = (
				C3F084EAEB9056099A750624 /* Debug */,
				43EC9313F8D6921C6F5F532B /* Release */,
			);
			defaultConfigurationIsVisible = 0;
			defaultConfigurationName = Debug;
		};
		C9ED05CE953D50013B817B0E /* Build configuration list for PBXNativeTarget "JobRadar" */ = {
			isa = XCConfigurationList;
			buildConfigurations = (
				48C4E51C53D8D2E7C673F9D6 /* Debug */,
				059A0EE5BFF6B6A7E98EEE71 /* Release */,
			);
			defaultConfigurationIsVisible = 0;
			defaultConfigurationName = Debug;
		};
		DF0DB3984CBE43B5792CE081 /* Build configuration list for PBXNativeTarget "OrbitTasksWidget" */ = {
			isa = XCConfigurationList;
			buildConfigurations = (
				0B2CF79DF7341B75520894D0 /* Debug */,
				398075F10C6D1AC5C9664E92 /* Release */,
			);
			defaultConfigurationIsVisible = 0;
			defaultConfigurationName = Debug;
		};
/* End XCConfigurationList section */

/* Begin XCRemoteSwiftPackageReference section */
		EA0A42F3F8E2176DD82D7FF3 /* XCRemoteSwiftPackageReference "GoogleSignIn-iOS" */ = {
			isa = XCRemoteSwiftPackageReference;
			repositoryURL = "https://github.com/google/GoogleSignIn-iOS";
			requirement = {
				kind = upToNextMajorVersion;
				minimumVersion = 7.1.0;
			};
		};
		FE67028FD63DFBC7EDE8BC13 /* XCRemoteSwiftPackageReference "microsoft-authentication-library-for-objc" */ = {
			isa = XCRemoteSwiftPackageReference;
			repositoryURL = "https://github.com/AzureAD/microsoft-authentication-library-for-objc";
			requirement = {
				kind = upToNextMajorVersion;
				minimumVersion = 2.14.1;
			};
		};
/* End XCRemoteSwiftPackageReference section */

/* Begin XCSwiftPackageProductDependency section */
		4BA8291384B92F40E6F5B8EA /* MSAL */ = {
			isa = XCSwiftPackageProductDependency;
			package = FE67028FD63DFBC7EDE8BC13 /* XCRemoteSwiftPackageReference "microsoft-authentication-library-for-objc" */;
			productName = MSAL;
		};
		FF5F11301C970028D747DA36 /* GoogleSignIn */ = {
			isa = XCSwiftPackageProductDependency;
			package = EA0A42F3F8E2176DD82D7FF3 /* XCRemoteSwiftPackageReference "GoogleSignIn-iOS" */;
			productName = GoogleSignIn;
		};
/* End XCSwiftPackageProductDependency section */
	};
	rootObject = 7FA7DD4823E985C9F95A1F0C /* Project object */;
}
